
Microsoft Visual Studio Solution File, Format Version 12.00
# Visual Studio Version 16
VisualStudioVersion = 25.0.1706.14
MinimumVisualStudioVersion = 10.0.40219.1
Project("{FAE04EC0-301F-11D3-BF4B-00C04F79EFBC}") = "UmarApp", "UmarApp\UmarApp.csproj", "{D902789E-B46B-4A52-917D-466FBF66F2B7}"
EndProject
Global
	GlobalSection(SolutionConfigurationPlatforms) = preSolution
		Debug|Any CPU = Debug|Any CPU
		Release|Any CPU = Release|Any CPU
	EndGlobalSection
	GlobalSection(ProjectConfigurationPlatforms) = postSolution
		{D902789E-B46B-4A52-917D-466FBF66F2B7}.Debug|Any CPU.ActiveCfg = Debug|Any CPU
		{D902789E-B46B-4A52-917D-466FBF66F2B7}.Debug|Any CPU.Build.0 = Debug|Any CPU
		{D902789E-B46B-4A52-917D-466FBF66F2B7}.Release|Any CPU.ActiveCfg = Release|Any CPU
		{D902789E-B46B-4A52-917D-466FBF66F2B7}.Release|Any CPU.Build.0 = Release|Any CPU
	EndGlobalSection
	GlobalSection(SolutionProperties) = preSolution
		HideSolutionNode = FALSE
	EndGlobalSection
	GlobalSection(ExtensibilityGlobals) = postSolution
		SolutionGuid = {D701362D-410C-4FC6-88F2-D1CD0E7C9077}
	EndGlobalSection
EndGlobal
